
Microsoft Visual Studio Solution File, Format Version 12.00
# Visual Studio 15
VisualStudioVersion = 15.0.27130.2010
MinimumVisualStudioVersion = 10.0.40219.1
Project("{FAE04EC0-301F-11D3-BF4B-00C04F79EFBC}") = "hw-service-try2", "hw-service-try2\hw-service-try2.csproj", "{2CFC8F80-4A41-4DF9-81D6-FE740433DDAF}"
EndProject
Project("{FAE04EC0-301F-11D3-BF4B-00C04F79EFBC}") = "hw-service-try2.Tests", "hw-service-try2.Tests\hw-service-try2.Tests.csproj", "{ECFA6B2D-6A40-4272-BC9B-60A9EBD19E59}"
EndProject
Global
	GlobalSection(SolutionConfigurationPlatforms) = preSolution
		Debug|Any CPU = Debug|Any CPU
		Release|Any CPU = Release|Any CPU
	EndGlobalSection
	GlobalSection(ProjectConfigurationPlatforms) = postSolution
		{2CFC8F80-4A41-4DF9-81D6-FE740433DDAF}.Debug|Any CPU.ActiveCfg = Debug|Any CPU
		{2CFC8F80-4A41-4DF9-81D6-FE740433DDAF}.Debug|Any CPU.Build.0 = Debug|Any CPU
		{2CFC8F80-4A41-4DF9-81D6-FE740433DDAF}.Release|Any CPU.ActiveCfg = Release|Any CPU
		{2CFC8F80-4A41-4DF9-81D6-FE740433DDAF}.Release|Any CPU.Build.0 = Release|Any CPU
		{ECFA6B2D-6A40-4272-BC9B-60A9EBD19E59}.Debug|Any CPU.ActiveCfg = Debug|Any CPU
		{ECFA6B2D-6A40-4272-BC9B-60A9EBD19E59}.Debug|Any CPU.Build.0 = Debug|Any CPU
		{ECFA6B2D-6A40-4272-BC9B-60A9EBD19E59}.Release|Any CPU.ActiveCfg = Release|Any CPU
		{ECFA6B2D-6A40-4272-BC9B-60A9EBD19E59}.Release|Any CPU.Build.0 = Release|Any CPU
	EndGlobalSection
	GlobalSection(SolutionProperties) = preSolution
		HideSolutionNode = FALSE
	EndGlobalSection
	GlobalSection(ExtensibilityGlobals) = postSolution
		SolutionGuid = {4A26D42A-EA22-4B2E-823C-FFE954E21958}
	EndGlobalSection
EndGlobal
